// !$*UTF8*$!
{
	archiveVersion = 1;
	classes = {
	};
	objectVersion = 46;
	objects = {

/* Begin PBXBuildFile section */
		FE6B463C1D66D54300DDC2F8 /* main.m in Sources */ = {isa = PBXBuildFile; fileRef = FE6B463B1D66D54300DDC2F8 /* main.m */; };
		FE6B463F1D66D54300DDC2F8 /* AppDelegate.m in Sources */ = {isa = PBXBuildFile; fileRef = FE6B463E1D66D54300DDC2F8 /* AppDelegate.m */; };
		FE6B46421D66D54300DDC2F8 /* ViewController.m in Sources */ = {isa = PBXBuildFile; fileRef = FE6B46411D66D54300DDC2F8 /* ViewController.m */; };
		FE6B46451D66D54300DDC2F8 /* Main.storyboard in Resources */ = {isa = PBXBuildFile; fileRef = FE6B46431D66D54300DDC2F8 /* Main.storyboard */; };
		FE6B46471D66D54300DDC2F8 /* Assets.xcassets in Resources */ = {isa = PBXBuildFile; fileRef = FE6B46461D66D54300DDC2F8 /* Assets.xcassets */; };
		FE6B464A1D66D54300DDC2F8 /* LaunchScreen.storyboard in Resources */ = {isa = PBXBuildFile; fileRef = FE6B46481D66D54300DDC2F8 /* LaunchScreen.storyboard */; };
/* End PBXBuildFile section */

/* Begin PBXFileReference section */
		FE6B46371D66D54300DDC2F8 /* DatabaseUpgrade.app */ = {isa = PBXFileReference; explicitFileType = wrapper.application; includeInIndex = 0; path = DatabaseUpgrade.app; sourceTree = BUILT_PRODUCTS_DIR; };
		FE6B463B1D66D54300DDC2F8 /* main.m */ = {isa = PBXFileReference; lastKnownFileType = sourcecode.c.objc; path = main.m; sourceTree = "<group>"; };
		FE6B463D1D66D54300DDC2F8 /* AppDelegate.h */ = {isa = PBXFileReference; lastKnownFileType = sourcecode.c.h; path = AppDelegate.h; sourceTree = "<group>"; };
		FE6B463E1D66D54300DDC2F8 /* AppDelegate.m */ = {isa = PBXFileReference; lastKnownFileType = sourcecode.c.objc; path = AppDelegate.m; sourceTree = "<group>"; };
		FE6B46401D66D54300DDC2F8 /* ViewController.h */ = {isa = PBXFileReference; lastKnownFileType = sourcecode.c.h; path = ViewController.h; sourceTree = "<group>"; };
		FE6B46411D66D54300DDC2F8 /* ViewController.m */ = {isa = PBXFileReference; lastKnownFileType = sourcecode.c.objc; path = ViewController.m; sourceTree = "<group>"; };
		FE6B46441D66D54300DDC2F8 /* Base */ = {isa = PBXFileReference; lastKnownFileType = file.storyboard; name = Base; path = Base.lproj/Main.storyboard; sourceTree = "<group>"; };
		FE6B46461D66D54300DDC2F8 /* Assets.xcassets */ = {isa = PBXFileReference; lastKnownFileType = folder.assetcatalog; path = Assets.xcassets; sourceTree = "<group>"; };
		FE6B46491D66D54300DDC2F8 /* Base */ = {isa = PBXFileReference; lastKnownFileType = file.storyboard; name = Base; path = Base.lproj/LaunchScreen.storyboard; sourceTree = "<group>"; };
		FE6B464B1D66D54300DDC2F8 /* Info.plist */ = {isa = PBXFileReference; lastKnownFileType = text.plist.xml; path = Info.plist; sourceTree = "<group>"; };
/* End PBXFileReference section */

/* Begin PBXFrameworksBuildPhase section */
		FE6B46341D66D54300DDC2F8 /* Frameworks */ = {
			isa = PBXFrameworksBuildPhase;
			buildActionMask = 2147483647;
			files = (
			);
			runOnlyForDeploymentPostprocessing = 0;
		};
/* End PBXFrameworksBuildPhase section */

/* Begin PBXGroup section */
		FE6B462E1D66D54300DDC2F8 = {
			isa = PBXGroup;
			children = (
				FE6B46391D66D54300DDC2F8 /* DatabaseUpgrade */,
				FE6B46381D66D54300DDC2F8 /* Products */,
			);
			sourceTree = "<group>";
		};
		FE6B46381D66D54300DDC2F8 /* Products */ = {
			isa = PBXGroup;
			children = (
				FE6B46371D66D54300DDC2F8 /* DatabaseUpgrade.app */,
			);
			name = Products;
			sourceTree = "<group>";
		};
		FE6B46391D66D54300DDC2F8 /* DatabaseUpgrade */ = {
			isa = PBXGroup;
			children = (
				FE6B463D1D66D54300DDC2F8 /* AppDelegate.h */,
				FE6B463E1D66D54300DDC2F8 /* AppDelegate.m */,
				FE6B46401D66D54300DDC2F8 /* ViewController.h */,
				FE6B46411D66D54300DDC2F8 /* ViewController.m */,
				FE6B46431D66D54300DDC2F8 /* Main.storyboard */,
				FE6B46461D66D54300DDC2F8 /* Assets.xcassets */,
				FE6B46481D66D54300DDC2F8 /* LaunchScreen.storyboard */,
				FE6B464B1D66D54300DDC2F8 /* Info.plist */,
				FE6B463A1D66D54300DDC2F8 /* Supporting Files */,
			);
			path = DatabaseUpgrade;
			sourceTree = "<group>";
		};
		FE6B463A1D66D54300DDC2F8 /* Supporting Files */ = {
			isa = PBXGroup;
			children = (
				FE6B463B1D66D54300DDC2F8 /* main.m */,
			);
			name = "Supporting Files";
			sourceTree = "<group>";
		};
/* End PBXGroup section */

/* Begin PBXNativeTarget section */
		FE6B46361D66D54300DDC2F8 /* DatabaseUpgrade */ = {
			isa = PBXNativeTarget;
			buildConfigurationList = FE6B464E1D66D54300DDC2F8 /* Build configuration list for PBXNativeTarget "DatabaseUpgrade" */;
			buildPhases = (
				FE6B46331D66D54300DDC2F8 /* Sources */,
				FE6B46341D66D54300DDC2F8 /* Frameworks */,
				FE6B46351D66D54300DDC2F8 /* Resources */,
			);
			buildRules = (
			);
			dependencies = (
			);
			name = DatabaseUpgrade;
			productName = DatabaseUpgrade;
			productReference = FE6B46371D66D54300DDC2F8 /* DatabaseUpgrade.app */;
			productType = "com.apple.product-type.application";
		};
/* End PBXNativeTarget section */

/* Begin PBXProject section */
		FE6B462F1D66D54300DDC2F8 /* Project object */ = {
			isa = PBXProject;
			attributes = {
				LastUpgradeCheck = 0730;
				ORGANIZATIONNAME = Linkim;
				TargetAttributes = {
					FE6B46361D66D54300DDC2F8 = {
						CreatedOnToolsVersion = 7.3.1;
					};
				};
			};
			buildConfigurationList = FE6B46321D66D54300DDC2F8 /* Build configuration list for PBXProject "DatabaseUpgrade" */;
			compatibilityVersion = "Xcode 3.2";
			developmentRegion = English;
			hasScannedForEncodings = 0;
			knownRegions = (
				en,
				Base,
			);
			mainGroup = FE6B462E1D66D54300DDC2F8;
			productRefGroup = FE6B46381D66D54300DDC2F8 /* Products */;
			projectDirPath = "";
			projectRoot = "";
			targets = (
				FE6B46361D66D54300DDC2F8 /* DatabaseUpgrade */,
			);
		};
/* End PBXProject section */

/* Begin PBXResourcesBuildPhase section */
		FE6B46351D66D54300DDC2F8 /* Resources */ = {
			isa = PBXResourcesBuildPhase;
			buildActionMask = 2147483647;
			files = (
				FE6B464A1D66D54300DDC2F8 /* LaunchScreen.storyboard in Resources */,
				FE6B46471D66D54300DDC2F8 /* Assets.xcassets in Resources */,
				FE6B46451D66D54300DDC2F8 /* Main.storyboard in Resources */,
			);
			runOnlyForDeploymentPostprocessing = 0;
		};
/* End PBXResourcesBuildPhase section */

/* Begin PBXSourcesBuildPhase section */
		FE6B46331D66D54300DDC2F8 /* Sources */ = {
			isa = PBXSourcesBuildPhase;
			buildActionMask = 2147483647;
			files = (
				FE6B46421D66D54300DDC2F8 /* ViewController.m in Sources */,
				FE6B463F1D66D54300DDC2F8 /* AppDelegate.m in Sources */,
				FE6B463C1D66D54300DDC2F8 /* main.m in Sources */,
			);
			runOnlyForDeploymentPostprocessing = 0;
		};
/* End PBXSourcesBuildPhase section */

/* Begin PBXVariantGroup section */
		FE6B46431D66D54300DDC2F8 /* Main.storyboard */ = {
			isa = PBXVariantGroup;
			children = (
				FE6B46441D66D54300DDC2F8 /* Base */,
			);
			name = Main.storyboard;
			sourceTree = "<group>";
		};
		FE6B46481D66D54300DDC2F8 /* LaunchScreen.storyboard */ = {
			isa = PBXVariantGroup;
			children = (
				FE6B46491D66D54300DDC2F8 /* Base */,
			);
			name = LaunchScreen.storyboard;
			sourceTree = "<group>";
		};
/* End PBXVariantGroup section */

/* Begin XCBuildConfiguration section */
		FE6B464C1D66D54300DDC2F8 /* Debug */ = {
			isa = XCBuildConfiguration;
			buildSettings = {
				ALWAYS_SEARCH_USER_PATHS = NO;
				CLANG_ANALYZER_NONNULL = YES;
				CLANG_CXX_LANGUAGE_STANDARD = "gnu++0x";
				CLANG_CXX_LIBRARY = "libc++";
				CLANG_ENABLE_MODULES = YES;
				CLANG_ENABLE_OBJC_ARC = YES;
				CLANG_WARN_BOOL_CONVERSION = YES;
				CLANG_WARN_CONSTANT_CONVERSION = YES;
				CLANG_WARN_DIRECT_OBJC_ISA_USAGE = YES_ERROR;
				CLANG_WARN_EMPTY_BODY = YES;
				CLANG_WARN_ENUM_CONVERSION = YES;
				CLANG_WARN_INT_CONVERSION = YES;
				CLANG_WARN_OBJC_ROOT_CLASS = YES_ERROR;
				CLANG_WARN_UNREACHABLE_CODE = YES;
				CLANG_WARN__DUPLICATE_METHOD_MATCH = YES;
				"CODE_SIGN_IDENTITY[sdk=iphoneos*]" = "iPhone Developer";
				COPY_PHASE_STRIP = NO;
				DEBUG_INFORMATION_FORMAT = dwarf;
				ENABLE_STRICT_OBJC_MSGSEND = YES;
				ENABLE_TESTABILITY = YES;
				GCC_C_LANGUAGE_STANDARD = gnu99;
				GCC_DYNAMIC_NO_PIC = NO;
				GCC_NO_COMMON_BLOCKS = YES;
				GCC_OPTIMIZATION_LEVEL = 0;
				GCC_PREPROCESSOR_DEFINITIONS = (
					"DEBUG=1",
					"$(inherited)",
				);
				GCC_WARN_64_TO_32_BIT_CONVERSION = YES;
				GCC_WARN_ABOUT_RETURN_TYPE = YES_ERROR;
				GCC_WARN_UNDECLARED_SELECTOR = YES;
				GCC_WARN_UNINITIALIZED_AUTOS = YES_AGGRESSIVE;
				GCC_WARN_UNUSED_FUNCTION = YES;
				GCC_WARN_UNUSED_VARIABLE = YES;
				IPHONEOS_DEPLOYMENT_TARGET = 9.3;
				MTL_ENABLE_DEBUG_INFO = YES;
				ONLY_ACTIVE_ARCH = YES;
				SDKROOT = iphoneos;
			};
			name = Debug;
		};
		FE6B464D1D66D54300DDC2F8 /* Release */ = {
			isa = XCBuildConfiguration;
			buildSettings = {
				ALWAYS_SEARCH_USER_PATHS = NO;
				CLANG_ANALYZER_NONNULL = YES;
				CLANG_CXX_LANGUAGE_STANDARD = "gnu++0x";
				CLANG_CXX_LIBRARY = "libc++";
				CLANG_ENABLE_MODULES = YES;
				CLANG_ENABLE_OBJC_ARC = YES;
				CLANG_WARN_BOOL_CONVERSION = YES;
				CLANG_WARN_CONSTANT_CONVERSION = YES;
				CLANG_WARN_DIRECT_OBJC_ISA_USAGE = YES_ERROR;
				CLANG_WARN_EMPTY_BODY = YES;
				CLANG_WARN_ENUM_CONVERSION = YES;
				CLANG_WARN_INT_CONVERSION = YES;
				CLANG_WARN_OBJC_ROOT_CLASS = YES_ERROR;
				CLANG_WARN_UNREACHABLE_CODE = YES;
				CLANG_WARN__DUPLICATE_METHOD_MATCH = YES;
				"CODE_SIGN_IDENTITY[sdk=iphoneos*]" = "iPhone Developer";
				COPY_PHASE_STRIP = NO;
				DEBUG_INFORMATION_FORMAT = "dwarf-with-dsym";
				ENABLE_NS_ASSERTIONS = NO;
				ENABLE_STRICT_OBJC_MSGSEND = YES;
				GCC_C_LANGUAGE_STANDARD = gnu99;
				GCC_NO_COMMON_BLOCKS = YES;
				GCC_WARN_64_TO_32_BIT_CONVERSION = YES;
				GCC_WARN_ABOUT_RETURN_TYPE = YES_ERROR;
				GCC_WARN_UNDECLARED_SELECTOR = YES;
				GCC_WARN_UNINITIALIZED_AUTOS = YES_AGGRESSIVE;
				GCC_WARN_UNUSED_FUNCTION = YES;
				GCC_WARN_UNUSED_VARIABLE = YES;
				IPHONEOS_DEPLOYMENT_TARGET = 9.3;
				MTL_ENABLE_DEBUG_INFO = NO;
				SDKROOT = iphoneos;
				VALIDATE_PRODUCT = YES;
			};
			name = Release;
		};
		FE6B464F1D66D54300DDC2F8 /* Debug */ = {
			isa = XCBuildConfiguration;
			buildSettings = {
				ASSETCATALOG_COMPILER_APPICON_NAME = AppIcon;
				INFOPLIST_FILE = DatabaseUpgrade/Info.plist;
				LD_RUNPATH_SEARCH_PATHS = "$(inherited) @executable_path/Frameworks";
				PRODUCT_BUNDLE_IDENTIFIER = cn.com.linkim.DatabaseUpgrade;
				PRODUCT_NAME = "$(TARGET_NAME)";
			};
			name = Debug;
		};
		FE6B46501D66D54300DDC2F8 /* Release */ = {
			isa = XCBuildConfiguration;
			buildSettings = {
				ASSETCATALOG_COMPILER_APPICON_NAME = AppIcon;
				INFOPLIST_FILE = DatabaseUpgrade/Info.plist;
				LD_RUNPATH_SEARCH_PATHS = "$(inherited) @executable_path/Frameworks";
				PRODUCT_BUNDLE_IDENTIFIER = cn.com.linkim.DatabaseUpgrade;
				PRODUCT_NAME = "$(TARGET_NAME)";
			};
			name = Release;
		};
/* End XCBuildConfiguration section */

/* Begin XCConfigurationList section */
		FE6B46321D66D54300DDC2F8 /* Build configuration list for PBXProject "DatabaseUpgrade" */ = {
			isa = XCConfigurationList;
			buildConfigurations = (
				FE6B464C1D66D54300DDC2F8 /* Debug */,
				FE6B464D1D66D54300DDC2F8 /* Release */,
			);
			defaultConfigurationIsVisible = 0;
			defaultConfigurationName = Release;
		};
		FE6B464E1D66D54300DDC2F8 /* Build configuration list for PBXNativeTarget "DatabaseUpgrade" */ = {
			isa = XCConfigurationList;
			buildConfigurations = (
				FE6B464F1D66D54300DDC2F8 /* Debug */,
				FE6B46501D66D54300DDC2F8 /* Release */,
			);
			defaultConfigurationIsVisible = 0;
		};
/* End XCConfigurationList section */
	};
	rootObject = FE6B462F1D66D54300DDC2F8 /* Project object */;
}
